// !$*UTF8*$!
{
	archiveVersion = 1;
	classes = {
	};
	objectVersion = 56;
	objects = {

/* Begin PBXBuildFile section */
		A10001 /* AwarenessApp.swift in Sources */ = {isa = PBXBuildFile; fileRef = B10001 /* AwarenessApp.swift */; };
		A10002 /* ContentView.swift in Sources */ = {isa = PBXBuildFile; fileRef = B10002 /* ContentView.swift */; };
		A10003 /* BlackoutVisualType.swift in Sources */ = {isa = PBXBuildFile; fileRef = B10003 /* BlackoutVisualType.swift */; };
		A10004 /* TimeWindow.swift in Sources */ = {isa = PBXBuildFile; fileRef = B10004 /* TimeWindow.swift */; };
		A10005 /* SettingsManager.swift in Sources */ = {isa = PBXBuildFile; fileRef = B10005 /* SettingsManager.swift */; };
		A10006 /* SettingsView.swift in Sources */ = {isa = PBXBuildFile; fileRef = B10006 /* SettingsView.swift */; };
		A10007 /* GongPlayer.swift in Sources */ = {isa = PBXBuildFile; fileRef = B10007 /* GongPlayer.swift */; };
		A10008 /* BlackoutView.swift in Sources */ = {isa = PBXBuildFile; fileRef = B10008 /* BlackoutView.swift */; };
		A10009 /* NotificationScheduler.swift in Sources */ = {isa = PBXBuildFile; fileRef = B10009 /* NotificationScheduler.swift */; };
		A10010 /* UpdateChecker.swift in Sources */ = {isa = PBXBuildFile; fileRef = B10010 /* UpdateChecker.swift */; };
		A10011 /* Assets.xcassets in Resources */ = {isa = PBXBuildFile; fileRef = B10011 /* Assets.xcassets */; };
		A10012 /* awareness-gong.aiff in Resources */ = {isa = PBXBuildFile; fileRef = B10012 /* awareness-gong.aiff */; };
		A10013 /* awareness-gong-end.aiff in Resources */ = {isa = PBXBuildFile; fileRef = B10013 /* awareness-gong-end.aiff */; };
		A10014 /* default-blackout.png in Resources */ = {isa = PBXBuildFile; fileRef = B10014 /* default-blackout.png */; };
		A10015 /* HealthKitManager.swift in Sources */ = {isa = PBXBuildFile; fileRef = B10015 /* HealthKitManager.swift */; };
		A10016 /* HealthKit.framework in Frameworks */ = {isa = PBXBuildFile; fileRef = B10016 /* HealthKit.framework */; settings = {ATTRIBUTES = (Weak, ); }; };
		A30014 /* WatchConnectivityManager.swift in Sources */ = {isa = PBXBuildFile; fileRef = B30011 /* WatchConnectivityManager.swift */; };
		A30001 /* AwarenessWatchApp.swift in Sources */ = {isa = PBXBuildFile; fileRef = B30001 /* AwarenessWatchApp.swift */; };
		A30002 /* ContentView.swift in Sources */ = {isa = PBXBuildFile; fileRef = B30002 /* ContentView.swift */; };
		A30003 /* BlackoutView.swift in Sources */ = {isa = PBXBuildFile; fileRef = B30003 /* BlackoutView.swift */; };
		A30004 /* SettingsView.swift in Sources */ = {isa = PBXBuildFile; fileRef = B30004 /* SettingsView.swift */; };
		A30005 /* HapticPlayer.swift in Sources */ = {isa = PBXBuildFile; fileRef = B30005 /* HapticPlayer.swift */; };
		A30006 /* NotificationScheduler.swift in Sources */ = {isa = PBXBuildFile; fileRef = B30006 /* NotificationScheduler.swift */; };
		A30007 /* WatchConnectivityManager.swift in Sources */ = {isa = PBXBuildFile; fileRef = B30007 /* WatchConnectivityManager.swift */; };
		A30008 /* BlackoutVisualType.swift in Sources */ = {isa = PBXBuildFile; fileRef = B10003 /* BlackoutVisualType.swift */; };
		A30009 /* TimeWindow.swift in Sources */ = {isa = PBXBuildFile; fileRef = B10004 /* TimeWindow.swift */; };
		A30010 /* SettingsManager.swift in Sources */ = {isa = PBXBuildFile; fileRef = B10005 /* SettingsManager.swift */; };
		A30011 /* HealthKitManager.swift in Sources */ = {isa = PBXBuildFile; fileRef = B10015 /* HealthKitManager.swift */; };
		A30015 /* UpdateChecker.swift in Sources */ = {isa = PBXBuildFile; fileRef = B10010 /* UpdateChecker.swift */; };
		A30012 /* Assets.xcassets in Resources */ = {isa = PBXBuildFile; fileRef = B30008 /* Assets.xcassets */; };
		A30013 /* HealthKit.framework in Frameworks */ = {isa = PBXBuildFile; fileRef = B30016 /* HealthKit.framework */; settings = {ATTRIBUTES = (Weak, ); }; };
		A30016 /* AwarenessWatch.app in Embed Watch Content */ = {isa = PBXBuildFile; fileRef = B30099 /* AwarenessWatch.app */; settings = {ATTRIBUTES = (RemoveHeadersOnCopy, ); }; };
		A40001 /* ComplicationProvider.swift in Sources */ = {isa = PBXBuildFile; fileRef = B30010 /* ComplicationProvider.swift */; };
		A40002 /* BlackoutVisualType.swift in Sources */ = {isa = PBXBuildFile; fileRef = B10003 /* BlackoutVisualType.swift */; };
		A40003 /* TimeWindow.swift in Sources */ = {isa = PBXBuildFile; fileRef = B10004 /* TimeWindow.swift */; };
		A40004 /* SettingsManager.swift in Sources */ = {isa = PBXBuildFile; fileRef = B10005 /* SettingsManager.swift */; };
		A40005 /* NotificationScheduler.swift in Sources */ = {isa = PBXBuildFile; fileRef = B30006 /* NotificationScheduler.swift */; };
		A40006 /* Assets.xcassets in Resources */ = {isa = PBXBuildFile; fileRef = B30008 /* Assets.xcassets */; };
		A40007 /* AwarenessWatchComplication.appex in Embed App Extensions */ = {isa = PBXBuildFile; fileRef = B40099 /* AwarenessWatchComplication.appex */; settings = {ATTRIBUTES = (RemoveHeadersOnCopy, ); }; };
		A40008 /* HealthKitManager.swift in Sources */ = {isa = PBXBuildFile; fileRef = B10015 /* HealthKitManager.swift */; };
		A10019 /* ForegroundScheduler.swift in Sources */ = {isa = PBXBuildFile; fileRef = B10019 /* ForegroundScheduler.swift */; };
		A10017 /* ProgressTracker.swift in Sources */ = {isa = PBXBuildFile; fileRef = B10017 /* ProgressTracker.swift */; };
		A10018 /* ProgressView.swift in Sources */ = {isa = PBXBuildFile; fileRef = B10018 /* ProgressView.swift */; };
		A30017 /* ProgressTracker.swift in Sources */ = {isa = PBXBuildFile; fileRef = B10017 /* ProgressTracker.swift */; };
		A30018 /* ProgressView.swift in Sources */ = {isa = PBXBuildFile; fileRef = B30013 /* ProgressView.swift */; };
		A30019 /* ChimePlayer.swift in Sources */ = {isa = PBXBuildFile; fileRef = B30014 /* ChimePlayer.swift */; };
		A30020 /* AlarmSessionManager.swift in Sources */ = {isa = PBXBuildFile; fileRef = B30015 /* AlarmSessionManager.swift */; };
		A40009 /* ProgressTracker.swift in Sources */ = {isa = PBXBuildFile; fileRef = B10017 /* ProgressTracker.swift */; };
		B1F00001 /* Localizable.xcstrings in Resources */ = {isa = PBXBuildFile; fileRef = A1F00001 /* Localizable.xcstrings */; };
		B3F00001 /* Localizable.xcstrings in Resources */ = {isa = PBXBuildFile; fileRef = A1F00001 /* Localizable.xcstrings */; };
		B4F00001 /* Localizable.xcstrings in Resources */ = {isa = PBXBuildFile; fileRef = A1F00001 /* Localizable.xcstrings */; };
		A10020 /* PracticeCard.swift in Sources */ = {isa = PBXBuildFile; fileRef = B10020 /* PracticeCard.swift */; };
		A10021 /* MicroTask.swift in Sources */ = {isa = PBXBuildFile; fileRef = B10021 /* MicroTask.swift */; };
		A10022 /* MindfulEvent.swift in Sources */ = {isa = PBXBuildFile; fileRef = B10022 /* MindfulEvent.swift */; };
		A10023 /* EventStore.swift in Sources */ = {isa = PBXBuildFile; fileRef = B10023 /* EventStore.swift */; };
		A10024 /* SmartGuru.swift in Sources */ = {isa = PBXBuildFile; fileRef = B10024 /* SmartGuru.swift */; };
		A30021 /* PracticeCard.swift in Sources */ = {isa = PBXBuildFile; fileRef = B10020 /* PracticeCard.swift */; };
		A30022 /* MicroTask.swift in Sources */ = {isa = PBXBuildFile; fileRef = B10021 /* MicroTask.swift */; };
		A30023 /* MindfulEvent.swift in Sources */ = {isa = PBXBuildFile; fileRef = B10022 /* MindfulEvent.swift */; };
		A30024 /* EventStore.swift in Sources */ = {isa = PBXBuildFile; fileRef = B10023 /* EventStore.swift */; };
		A40010 /* PracticeCard.swift in Sources */ = {isa = PBXBuildFile; fileRef = B10020 /* PracticeCard.swift */; };
		A40011 /* MicroTask.swift in Sources */ = {isa = PBXBuildFile; fileRef = B10021 /* MicroTask.swift */; };
		A40012 /* MindfulEvent.swift in Sources */ = {isa = PBXBuildFile; fileRef = B10022 /* MindfulEvent.swift */; };
		A40013 /* EventStore.swift in Sources */ = {isa = PBXBuildFile; fileRef = B10023 /* EventStore.swift */; };
		A50001 /* AwarenessWidgetBundle.swift in Sources */ = {isa = PBXBuildFile; fileRef = B50001 /* AwarenessWidgetBundle.swift */; };
		A50002 /* AwarenessWidgetProvider.swift in Sources */ = {isa = PBXBuildFile; fileRef = B50002 /* AwarenessWidgetProvider.swift */; };
		A50003 /* Assets.xcassets in Resources */ = {isa = PBXBuildFile; fileRef = B50003 /* Assets.xcassets */; };
		A50004 /* WidgetDataBridge.swift in Sources */ = {isa = PBXBuildFile; fileRef = B50006 /* WidgetDataBridge.swift */; };
		A50005 /* AwarenessWidget.appex in Embed App Extensions */ = {isa = PBXBuildFile; fileRef = B50099 /* AwarenessWidget.appex */; settings = {ATTRIBUTES = (RemoveHeadersOnCopy, ); }; };
		A10025 /* ReviewHelper.swift in Sources */ = {isa = PBXBuildFile; fileRef = B10026 /* ReviewHelper.swift */; };
		A10026 /* OnboardingView.swift in Sources */ = {isa = PBXBuildFile; fileRef = B10027 /* OnboardingView.swift */; };
		A10027 /* WarmBackground.swift in Sources */ = {isa = PBXBuildFile; fileRef = B10028 /* WarmBackground.swift */; };
		A30025 /* WarmBackground.swift in Sources */ = {isa = PBXBuildFile; fileRef = B10028 /* WarmBackground.swift */; };
		A10028 /* CallDetector.swift in Sources */ = {isa = PBXBuildFile; fileRef = B10029 /* CallDetector.swift */; };
/* End PBXBuildFile section */

/* Begin PBXContainerItemProxy section */
		G30001 /* PBXContainerItemProxy */ = {
			isa = PBXContainerItemProxy;
			containerPortal = E10099 /* Project object */;
			proxyType = 1;
			remoteGlobalIDString = E30099;
			remoteInfo = AwarenessWatch;
		};
		G40001 /* PBXContainerItemProxy */ = {
			isa = PBXContainerItemProxy;
			containerPortal = E10099 /* Project object */;
			proxyType = 1;
			remoteGlobalIDString = E40099;
			remoteInfo = AwarenessWatchComplication;
		};
		G50001 /* PBXContainerItemProxy */ = {
			isa = PBXContainerItemProxy;
			containerPortal = E10099 /* Project object */;
			proxyType = 1;
			remoteGlobalIDString = E50099;
			remoteInfo = AwarenessWidget;
		};
/* End PBXContainerItemProxy section */

/* Begin PBXCopyFilesBuildPhase section */
		E30004 /* Embed Watch Content */ = {
			isa = PBXCopyFilesBuildPhase;
			buildActionMask = 2147483647;
			dstPath = "$(CONTENTS_FOLDER_PATH)/Watch";
			dstSubfolderSpec = 16;
			files = (
				A30016 /* AwarenessWatch.app in Embed Watch Content */,
			);
			name = "Embed Watch Content";
			runOnlyForDeploymentPostprocessing = 0;
		};
		E40004 /* Embed App Extensions */ = {
			isa = PBXCopyFilesBuildPhase;
			buildActionMask = 2147483647;
			dstPath = "";
			dstSubfolderSpec = 13;
			files = (
				A40007 /* AwarenessWatchComplication.appex in Embed App Extensions */,
			);
			name = "Embed App Extensions";
			runOnlyForDeploymentPostprocessing = 0;
		};
		E50004 /* Embed App Extensions */ = {
			isa = PBXCopyFilesBuildPhase;
			buildActionMask = 2147483647;
			dstPath = "";
			dstSubfolderSpec = 13;
			files = (
				A50005 /* AwarenessWidget.appex in Embed App Extensions */,
			);
			name = "Embed App Extensions";
			runOnlyForDeploymentPostprocessing = 0;
		};
/* End PBXCopyFilesBuildPhase section */

/* Begin PBXFileReference section */
		B10001 /* AwarenessApp.swift */ = {isa = PBXFileReference; lastKnownFileType = sourcecode.swift; path = AwarenessApp.swift; sourceTree = "<group>"; };
		B10002 /* ContentView.swift */ = {isa = PBXFileReference; lastKnownFileType = sourcecode.swift; path = ContentView.swift; sourceTree = "<group>"; };
		B10003 /* BlackoutVisualType.swift */ = {isa = PBXFileReference; lastKnownFileType = sourcecode.swift; path = BlackoutVisualType.swift; sourceTree = "<group>"; };
		B10004 /* TimeWindow.swift */ = {isa = PBXFileReference; lastKnownFileType = sourcecode.swift; path = TimeWindow.swift; sourceTree = "<group>"; };
		B10005 /* SettingsManager.swift */ = {isa = PBXFileReference; lastKnownFileType = sourcecode.swift; path = SettingsManager.swift; sourceTree = "<group>"; };
		B10006 /* SettingsView.swift */ = {isa = PBXFileReference; lastKnownFileType = sourcecode.swift; path = SettingsView.swift; sourceTree = "<group>"; };
		B10007 /* GongPlayer.swift */ = {isa = PBXFileReference; lastKnownFileType = sourcecode.swift; path = GongPlayer.swift; sourceTree = "<group>"; };
		B10008 /* BlackoutView.swift */ = {isa = PBXFileReference; lastKnownFileType = sourcecode.swift; path = BlackoutView.swift; sourceTree = "<group>"; };
		B10009 /* NotificationScheduler.swift */ = {isa = PBXFileReference; lastKnownFileType = sourcecode.swift; path = NotificationScheduler.swift; sourceTree = "<group>"; };
		B10010 /* UpdateChecker.swift */ = {isa = PBXFileReference; lastKnownFileType = sourcecode.swift; path = UpdateChecker.swift; sourceTree = "<group>"; };
		B10011 /* Assets.xcassets */ = {isa = PBXFileReference; lastKnownFileType = folder.assetcatalog; path = Assets.xcassets; sourceTree = "<group>"; };
		B10012 /* awareness-gong.aiff */ = {isa = PBXFileReference; lastKnownFileType = audio.aiff; path = "awareness-gong.aiff"; sourceTree = "<group>"; };
		B10013 /* awareness-gong-end.aiff */ = {isa = PBXFileReference; lastKnownFileType = audio.aiff; path = "awareness-gong-end.aiff"; sourceTree = "<group>"; };
		B10014 /* default-blackout.png */ = {isa = PBXFileReference; lastKnownFileType = image.png; path = "default-blackout.png"; sourceTree = "<group>"; };
		B10015 /* HealthKitManager.swift */ = {isa = PBXFileReference; lastKnownFileType = sourcecode.swift; path = HealthKitManager.swift; sourceTree = "<group>"; };
		B10016 /* HealthKit.framework */ = {isa = PBXFileReference; lastKnownFileType = wrapper.framework; name = HealthKit.framework; path = System/Library/Frameworks/HealthKit.framework; sourceTree = SDKROOT; };
		B10099 /* Awareness.app */ = {isa = PBXFileReference; explicitFileType = wrapper.application; includeInIndex = 0; path = Awareness.app; sourceTree = BUILT_PRODUCTS_DIR; };
		B30001 /* AwarenessWatchApp.swift */ = {isa = PBXFileReference; lastKnownFileType = sourcecode.swift; path = AwarenessWatchApp.swift; sourceTree = "<group>"; };
		B30002 /* ContentView.swift */ = {isa = PBXFileReference; lastKnownFileType = sourcecode.swift; path = ContentView.swift; sourceTree = "<group>"; };
		B30003 /* BlackoutView.swift */ = {isa = PBXFileReference; lastKnownFileType = sourcecode.swift; path = BlackoutView.swift; sourceTree = "<group>"; };
		B30004 /* SettingsView.swift */ = {isa = PBXFileReference; lastKnownFileType = sourcecode.swift; path = SettingsView.swift; sourceTree = "<group>"; };
		B30005 /* HapticPlayer.swift */ = {isa = PBXFileReference; lastKnownFileType = sourcecode.swift; path = HapticPlayer.swift; sourceTree = "<group>"; };
		B30006 /* NotificationScheduler.swift */ = {isa = PBXFileReference; lastKnownFileType = sourcecode.swift; path = NotificationScheduler.swift; sourceTree = "<group>"; };
		B30007 /* WatchConnectivityManager.swift */ = {isa = PBXFileReference; lastKnownFileType = sourcecode.swift; path = WatchConnectivityManager.swift; sourceTree = "<group>"; };
		B30008 /* Assets.xcassets */ = {isa = PBXFileReference; lastKnownFileType = folder.assetcatalog; path = Assets.xcassets; sourceTree = "<group>"; };
		B30009 /* AwarenessWatch.entitlements */ = {isa = PBXFileReference; lastKnownFileType = text.plist.entitlements; path = AwarenessWatch.entitlements; sourceTree = "<group>"; };
		B30010 /* ComplicationProvider.swift */ = {isa = PBXFileReference; lastKnownFileType = sourcecode.swift; path = ComplicationProvider.swift; sourceTree = "<group>"; };
		B30013 /* AwarenessWatchComplication.entitlements */ = {isa = PBXFileReference; lastKnownFileType = text.plist.entitlements; path = AwarenessWatchComplication.entitlements; sourceTree = "<group>"; };
		B30012 /* Info.plist */ = {isa = PBXFileReference; lastKnownFileType = text.plist.xml; path = Info.plist; sourceTree = "<group>"; };
		B30011 /* WatchConnectivityManager.swift */ = {isa = PBXFileReference; lastKnownFileType = sourcecode.swift; path = WatchConnectivityManager.swift; sourceTree = "<group>"; };
		B30016 /* HealthKit.framework */ = {isa = PBXFileReference; lastKnownFileType = wrapper.framework; name = HealthKit.framework; path = System/Library/Frameworks/HealthKit.framework; sourceTree = SDKROOT; };
		B30099 /* AwarenessWatch.app */ = {isa = PBXFileReference; explicitFileType = wrapper.application; includeInIndex = 0; path = AwarenessWatch.app; sourceTree = BUILT_PRODUCTS_DIR; };
		B40099 /* AwarenessWatchComplication.appex */ = {isa = PBXFileReference; explicitFileType = "wrapper.app-extension"; includeInIndex = 0; path = AwarenessWatchComplication.appex; sourceTree = BUILT_PRODUCTS_DIR; };
		B10019 /* ForegroundScheduler.swift */ = {isa = PBXFileReference; lastKnownFileType = sourcecode.swift; path = ForegroundScheduler.swift; sourceTree = "<group>"; };
		B10017 /* ProgressTracker.swift */ = {isa = PBXFileReference; lastKnownFileType = sourcecode.swift; path = ProgressTracker.swift; sourceTree = "<group>"; };
		B10018 /* ProgressView.swift */ = {isa = PBXFileReference; lastKnownFileType = sourcecode.swift; path = ProgressView.swift; sourceTree = "<group>"; };
		B30013 /* ProgressView.swift */ = {isa = PBXFileReference; lastKnownFileType = sourcecode.swift; path = ProgressView.swift; sourceTree = "<group>"; };
		B30014 /* ChimePlayer.swift */ = {isa = PBXFileReference; lastKnownFileType = sourcecode.swift; path = ChimePlayer.swift; sourceTree = "<group>"; };
		B30015 /* AlarmSessionManager.swift */ = {isa = PBXFileReference; lastKnownFileType = sourcecode.swift; path = AlarmSessionManager.swift; sourceTree = "<group>"; };
		A1F00001 /* Localizable.xcstrings */ = {isa = PBXFileReference; lastKnownFileType = text.json.xcstrings; path = Localizable.xcstrings; sourceTree = "<group>"; };
		B10020 /* PracticeCard.swift */ = {isa = PBXFileReference; lastKnownFileType = sourcecode.swift; path = PracticeCard.swift; sourceTree = "<group>"; };
		B10021 /* MicroTask.swift */ = {isa = PBXFileReference; lastKnownFileType = sourcecode.swift; path = MicroTask.swift; sourceTree = "<group>"; };
		B10022 /* MindfulEvent.swift */ = {isa = PBXFileReference; lastKnownFileType = sourcecode.swift; path = MindfulEvent.swift; sourceTree = "<group>"; };
		B10023 /* EventStore.swift */ = {isa = PBXFileReference; lastKnownFileType = sourcecode.swift; path = EventStore.swift; sourceTree = "<group>"; };
		B10024 /* SmartGuru.swift */ = {isa = PBXFileReference; lastKnownFileType = sourcecode.swift; path = SmartGuru.swift; sourceTree = "<group>"; };
		B50001 /* AwarenessWidgetBundle.swift */ = {isa = PBXFileReference; lastKnownFileType = sourcecode.swift; path = AwarenessWidgetBundle.swift; sourceTree = "<group>"; };
		B50002 /* AwarenessWidgetProvider.swift */ = {isa = PBXFileReference; lastKnownFileType = sourcecode.swift; path = AwarenessWidgetProvider.swift; sourceTree = "<group>"; };
		B50003 /* Assets.xcassets */ = {isa = PBXFileReference; lastKnownFileType = folder.assetcatalog; path = Assets.xcassets; sourceTree = "<group>"; };
		B50004 /* AwarenessWidget.entitlements */ = {isa = PBXFileReference; lastKnownFileType = text.plist.entitlements; path = AwarenessWidget.entitlements; sourceTree = "<group>"; };
		B50005 /* Info.plist */ = {isa = PBXFileReference; lastKnownFileType = text.plist.xml; path = Info.plist; sourceTree = "<group>"; };
		B50006 /* WidgetDataBridge.swift */ = {isa = PBXFileReference; lastKnownFileType = sourcecode.swift; path = WidgetDataBridge.swift; sourceTree = "<group>"; };
		B50099 /* AwarenessWidget.appex */ = {isa = PBXFileReference; explicitFileType = "wrapper.app-extension"; includeInIndex = 0; path = AwarenessWidget.appex; sourceTree = BUILT_PRODUCTS_DIR; };
		B10025 /* Info.plist */ = {isa = PBXFileReference; lastKnownFileType = text.plist.xml; path = Info.plist; sourceTree = "<group>"; };
		B10026 /* ReviewHelper.swift */ = {isa = PBXFileReference; lastKnownFileType = sourcecode.swift; path = ReviewHelper.swift; sourceTree = "<group>"; };
		B10027 /* OnboardingView.swift */ = {isa = PBXFileReference; lastKnownFileType = sourcecode.swift; path = OnboardingView.swift; sourceTree = "<group>"; };
		B10028 /* WarmBackground.swift */ = {isa = PBXFileReference; lastKnownFileType = sourcecode.swift; path = WarmBackground.swift; sourceTree = "<group>"; };
		B10029 /* CallDetector.swift */ = {isa = PBXFileReference; lastKnownFileType = sourcecode.swift; path = CallDetector.swift; sourceTree = "<group>"; };
/* End PBXFileReference section */

/* Begin PBXFrameworksBuildPhase section */
		C10001 /* Frameworks */ = {
			isa = PBXFrameworksBuildPhase;
			buildActionMask = 2147483647;
			files = (
				A10016 /* HealthKit.framework in Frameworks */,
			);
			runOnlyForDeploymentPostprocessing = 0;
		};
		C30001 /* Frameworks */ = {
			isa = PBXFrameworksBuildPhase;
			buildActionMask = 2147483647;
			files = (
				A30013 /* HealthKit.framework in Frameworks */,
			);
			runOnlyForDeploymentPostprocessing = 0;
		};
		C40001 /* Frameworks */ = {
			isa = PBXFrameworksBuildPhase;
			buildActionMask = 2147483647;
			files = (
			);
			runOnlyForDeploymentPostprocessing = 0;
		};
		C50001 /* Frameworks */ = {
			isa = PBXFrameworksBuildPhase;
			buildActionMask = 2147483647;
			files = (
			);
			runOnlyForDeploymentPostprocessing = 0;
		};
/* End PBXFrameworksBuildPhase section */

/* Begin PBXGroup section */
		D10001 = {
			isa = PBXGroup;
			children = (
				D10002 /* Awareness */,
				D30001 /* AwarenessWatch */,
				D50001 /* AwarenessWidget */,
				D10010 /* Frameworks */,
				D10099 /* Products */,
			);
			sourceTree = "<group>";
		};
		D10002 /* Awareness */ = {
			isa = PBXGroup;
			children = (
				B10001 /* AwarenessApp.swift */,
				B10002 /* ContentView.swift */,
				B10010 /* UpdateChecker.swift */,
				B50006 /* WidgetDataBridge.swift */,
				D10003 /* Models */,
				D10004 /* Settings */,
				D10005 /* Audio */,
				D10006 /* Blackout */,
				D10007 /* Notifications */,
				D10009 /* Health */,
				D10012 /* Detection */,
				D10011 /* Progress */,
				D30009 /* Connectivity */,
				D10008 /* Resources */,
				B10026 /* ReviewHelper.swift */,
				B10027 /* OnboardingView.swift */,
				B10028 /* WarmBackground.swift */,
				B10011 /* Assets.xcassets */,
				A1F00001 /* Localizable.xcstrings */,
				B10025 /* Info.plist */,
			);
			path = Awareness;
			sourceTree = "<group>";
		};
		D10003 /* Models */ = {
			isa = PBXGroup;
			children = (
				B10003 /* BlackoutVisualType.swift */,
				B10004 /* TimeWindow.swift */,
				B10020 /* PracticeCard.swift */,
				B10021 /* MicroTask.swift */,
				B10022 /* MindfulEvent.swift */,
				B10023 /* EventStore.swift */,
				B10024 /* SmartGuru.swift */,
			);
			path = Models;
			sourceTree = "<group>";
		};
		D10004 /* Settings */ = {
			isa = PBXGroup;
			children = (
				B10005 /* SettingsManager.swift */,
				B10006 /* SettingsView.swift */,
			);
			path = Settings;
			sourceTree = "<group>";
		};
		D10005 /* Audio */ = {
			isa = PBXGroup;
			children = (
				B10007 /* GongPlayer.swift */,
			);
			path = Audio;
			sourceTree = "<group>";
		};
		D10006 /* Blackout */ = {
			isa = PBXGroup;
			children = (
				B10008 /* BlackoutView.swift */,
				B10019 /* ForegroundScheduler.swift */,
			);
			path = Blackout;
			sourceTree = "<group>";
		};
		D10007 /* Notifications */ = {
			isa = PBXGroup;
			children = (
				B10009 /* NotificationScheduler.swift */,
			);
			path = Notifications;
			sourceTree = "<group>";
		};
		D10008 /* Resources */ = {
			isa = PBXGroup;
			children = (
				B10012 /* awareness-gong.aiff */,
				B10013 /* awareness-gong-end.aiff */,
				B10014 /* default-blackout.png */,
			);
			path = Resources;
			sourceTree = "<group>";
		};
		D10009 /* Health */ = {
			isa = PBXGroup;
			children = (
				B10015 /* HealthKitManager.swift */,
			);
			path = Health;
			sourceTree = "<group>";
		};
		D10012 /* Detection */ = {
			isa = PBXGroup;
			children = (
				B10029 /* CallDetector.swift */,
			);
			path = Detection;
			sourceTree = "<group>";
		};
		D10011 /* Progress */ = {
			isa = PBXGroup;
			children = (
				B10017 /* ProgressTracker.swift */,
				B10018 /* ProgressView.swift */,
			);
			path = Progress;
			sourceTree = "<group>";
		};
		D10010 /* Frameworks */ = {
			isa = PBXGroup;
			children = (
				B10016 /* HealthKit.framework */,
				B30016 /* HealthKit.framework */,
			);
			name = Frameworks;
			sourceTree = "<group>";
		};
		D10099 /* Products */ = {
			isa = PBXGroup;
			children = (
				B10099 /* Awareness.app */,
				B30099 /* AwarenessWatch.app */,
				B40099 /* AwarenessWatchComplication.appex */,
				B50099 /* AwarenessWidget.appex */,
			);
			name = Products;
			sourceTree = "<group>";
		};
		D30001 /* AwarenessWatch */ = {
			isa = PBXGroup;
			children = (
				B30001 /* AwarenessWatchApp.swift */,
				B30002 /* ContentView.swift */,
				B30003 /* BlackoutView.swift */,
				B30004 /* SettingsView.swift */,
				B30005 /* HapticPlayer.swift */,
				B30014 /* ChimePlayer.swift */,
				B30015 /* AlarmSessionManager.swift */,
				B30006 /* NotificationScheduler.swift */,
				B30007 /* WatchConnectivityManager.swift */,
				B30013 /* ProgressView.swift */,
				B30009 /* AwarenessWatch.entitlements */,
				B30008 /* Assets.xcassets */,
				D30002 /* Complications */,
			);
			path = AwarenessWatch;
			sourceTree = "<group>";
		};
		D30002 /* Complications */ = {
			isa = PBXGroup;
			children = (
				B30010 /* ComplicationProvider.swift */,
				B30012 /* Info.plist */,
				B30013 /* AwarenessWatchComplication.entitlements */,
			);
			path = Complications;
			sourceTree = "<group>";
		};
		D30009 /* Connectivity */ = {
			isa = PBXGroup;
			children = (
				B30011 /* WatchConnectivityManager.swift */,
			);
			path = Connectivity;
			sourceTree = "<group>";
		};
		D50001 /* AwarenessWidget */ = {
			isa = PBXGroup;
			children = (
				B50001 /* AwarenessWidgetBundle.swift */,
				B50002 /* AwarenessWidgetProvider.swift */,
				B50004 /* AwarenessWidget.entitlements */,
				B50005 /* Info.plist */,
				B50003 /* Assets.xcassets */,
			);
			path = AwarenessWidget;
			sourceTree = "<group>";
		};
/* End PBXGroup section */

/* Begin PBXNativeTarget section */
		E10001 /* Awareness */ = {
			isa = PBXNativeTarget;
			buildConfigurationList = F10003 /* Build configuration list for PBXNativeTarget "Awareness" */;
			buildPhases = (
				E10002 /* Sources */,
				C10001 /* Frameworks */,
				E10003 /* Resources */,
				E30004 /* Embed Watch Content */,
				E50004 /* Embed App Extensions */,
			);
			buildRules = (
			);
			dependencies = (
				G30002 /* PBXTargetDependency */,
				G50002 /* PBXTargetDependency */,
			);
			name = Awareness;
			productName = Awareness;
			productReference = B10099 /* Awareness.app */;
			productType = "com.apple.product-type.application";
		};
		E30099 /* AwarenessWatch */ = {
			isa = PBXNativeTarget;
			buildConfigurationList = F30003 /* Build configuration list for PBXNativeTarget "AwarenessWatch" */;
			buildPhases = (
				E30001 /* Sources */,
				C30001 /* Frameworks */,
				E30003 /* Resources */,
				E40004 /* Embed App Extensions */,
			);
			buildRules = (
			);
			dependencies = (
				G40002 /* PBXTargetDependency */,
			);
			name = AwarenessWatch;
			productName = AwarenessWatch;
			productReference = B30099 /* AwarenessWatch.app */;
			productType = "com.apple.product-type.application";
		};
		E40099 /* AwarenessWatchComplication */ = {
			isa = PBXNativeTarget;
			buildConfigurationList = F40003 /* Build configuration list for PBXNativeTarget "AwarenessWatchComplication" */;
			buildPhases = (
				E40001 /* Sources */,
				C40001 /* Frameworks */,
				E40003 /* Resources */,
			);
			buildRules = (
			);
			dependencies = (
			);
			name = AwarenessWatchComplication;
			productName = AwarenessWatchComplication;
			productReference = B40099 /* AwarenessWatchComplication.appex */;
			productType = "com.apple.product-type.app-extension";
		};
		E50099 /* AwarenessWidget */ = {
			isa = PBXNativeTarget;
			buildConfigurationList = F50003 /* Build configuration list for PBXNativeTarget "AwarenessWidget" */;
			buildPhases = (
				E50001 /* Sources */,
				C50001 /* Frameworks */,
				E50003 /* Resources */,
			);
			buildRules = (
			);
			dependencies = (
			);
			name = AwarenessWidget;
			productName = AwarenessWidget;
			productReference = B50099 /* AwarenessWidget.appex */;
			productType = "com.apple.product-type.app-extension";
		};
/* End PBXNativeTarget section */

/* Begin PBXProject section */
		E10099 /* Project object */ = {
			isa = PBXProject;
			attributes = {
				BuildIndependentTargetsInParallel = 1;
				LastSwiftUpdateCheck = 1540;
				LastUpgradeCheck = 2620;
				TargetAttributes = {
					E10001 = {
						CreatedOnToolsVersion = 15.4;
					};
					E30099 = {
						CreatedOnToolsVersion = 15.4;
					};
					E40099 = {
						CreatedOnToolsVersion = 15.4;
					};
					E50099 = {
						CreatedOnToolsVersion = 15.4;
					};
				};
			};
			buildConfigurationList = F10001 /* Build configuration list for PBXProject "Awareness" */;
			compatibilityVersion = "Xcode 14.0";
			developmentRegion = en;
			hasScannedForEncodings = 0;
			knownRegions = (
				en,
				de,
				Base,
			);
			mainGroup = D10001;
			productRefGroup = D10099 /* Products */;
			projectDirPath = "";
			projectRoot = "";
			targets = (
				E10001 /* Awareness */,
				E30099 /* AwarenessWatch */,
				E40099 /* AwarenessWatchComplication */,
				E50099 /* AwarenessWidget */,
			);
		};
/* End PBXProject section */

/* Begin PBXResourcesBuildPhase section */
		E10003 /* Resources */ = {
			isa = PBXResourcesBuildPhase;
			buildActionMask = 2147483647;
			files = (
				A10011 /* Assets.xcassets in Resources */,
				A10012 /* awareness-gong.aiff in Resources */,
				A10013 /* awareness-gong-end.aiff in Resources */,
				A10014 /* default-blackout.png in Resources */,
				B1F00001 /* Localizable.xcstrings in Resources */,
			);
			runOnlyForDeploymentPostprocessing = 0;
		};
		E30003 /* Resources */ = {
			isa = PBXResourcesBuildPhase;
			buildActionMask = 2147483647;
			files = (
				A30012 /* Assets.xcassets in Resources */,
				B3F00001 /* Localizable.xcstrings in Resources */,
			);
			runOnlyForDeploymentPostprocessing = 0;
		};
		E40003 /* Resources */ = {
			isa = PBXResourcesBuildPhase;
			buildActionMask = 2147483647;
			files = (
				A40006 /* Assets.xcassets in Resources */,
				B4F00001 /* Localizable.xcstrings in Resources */,
			);
			runOnlyForDeploymentPostprocessing = 0;
		};
		E50003 /* Resources */ = {
			isa = PBXResourcesBuildPhase;
			buildActionMask = 2147483647;
			files = (
				A50003 /* Assets.xcassets in Resources */,
			);
			runOnlyForDeploymentPostprocessing = 0;
		};
/* End PBXResourcesBuildPhase section */

/* Begin PBXSourcesBuildPhase section */
		E10002 /* Sources */ = {
			isa = PBXSourcesBuildPhase;
			buildActionMask = 2147483647;
			files = (
				A10001 /* AwarenessApp.swift in Sources */,
				A10002 /* ContentView.swift in Sources */,
				A10003 /* BlackoutVisualType.swift in Sources */,
				A10004 /* TimeWindow.swift in Sources */,
				A10005 /* SettingsManager.swift in Sources */,
				A10006 /* SettingsView.swift in Sources */,
				A10007 /* GongPlayer.swift in Sources */,
				A10008 /* BlackoutView.swift in Sources */,
				A10019 /* ForegroundScheduler.swift in Sources */,
				A10009 /* NotificationScheduler.swift in Sources */,
				A10010 /* UpdateChecker.swift in Sources */,
				A10015 /* HealthKitManager.swift in Sources */,
				A30014 /* WatchConnectivityManager.swift in Sources */,
				A10017 /* ProgressTracker.swift in Sources */,
				A10018 /* ProgressView.swift in Sources */,
				A10020 /* PracticeCard.swift in Sources */,
				A10021 /* MicroTask.swift in Sources */,
				A10022 /* MindfulEvent.swift in Sources */,
				A10023 /* EventStore.swift in Sources */,
				A10024 /* SmartGuru.swift in Sources */,
				A50004 /* WidgetDataBridge.swift in Sources */,
				A10025 /* ReviewHelper.swift in Sources */,
				A10026 /* OnboardingView.swift in Sources */,
				A10027 /* WarmBackground.swift in Sources */,
				A10028 /* CallDetector.swift in Sources */,
			);
			runOnlyForDeploymentPostprocessing = 0;
		};
		E30001 /* Sources */ = {
			isa = PBXSourcesBuildPhase;
			buildActionMask = 2147483647;
			files = (
				A30001 /* AwarenessWatchApp.swift in Sources */,
				A30002 /* ContentView.swift in Sources */,
				A30003 /* BlackoutView.swift in Sources */,
				A30004 /* SettingsView.swift in Sources */,
				A30005 /* HapticPlayer.swift in Sources */,
				A30019 /* ChimePlayer.swift in Sources */,
				A30020 /* AlarmSessionManager.swift in Sources */,
				A30006 /* NotificationScheduler.swift in Sources */,
				A30007 /* WatchConnectivityManager.swift in Sources */,
				A30008 /* BlackoutVisualType.swift in Sources */,
				A30009 /* TimeWindow.swift in Sources */,
				A30010 /* SettingsManager.swift in Sources */,
				A30011 /* HealthKitManager.swift in Sources */,
				A30015 /* UpdateChecker.swift in Sources */,
				A30017 /* ProgressTracker.swift in Sources */,
				A30018 /* ProgressView.swift in Sources */,
				A30021 /* PracticeCard.swift in Sources */,
				A30022 /* MicroTask.swift in Sources */,
				A30023 /* MindfulEvent.swift in Sources */,
				A30024 /* EventStore.swift in Sources */,
				A30025 /* WarmBackground.swift in Sources */,
			);
			runOnlyForDeploymentPostprocessing = 0;
		};
		E40001 /* Sources */ = {
			isa = PBXSourcesBuildPhase;
			buildActionMask = 2147483647;
			files = (
				A40001 /* ComplicationProvider.swift in Sources */,
				A40002 /* BlackoutVisualType.swift in Sources */,
				A40003 /* TimeWindow.swift in Sources */,
				A40004 /* SettingsManager.swift in Sources */,
				A40005 /* NotificationScheduler.swift in Sources */,
				A40008 /* HealthKitManager.swift in Sources */,
				A40009 /* ProgressTracker.swift in Sources */,
				A40010 /* PracticeCard.swift in Sources */,
				A40011 /* MicroTask.swift in Sources */,
				A40012 /* MindfulEvent.swift in Sources */,
				A40013 /* EventStore.swift in Sources */,
			);
			runOnlyForDeploymentPostprocessing = 0;
		};
		E50001 /* Sources */ = {
			isa = PBXSourcesBuildPhase;
			buildActionMask = 2147483647;
			files = (
				A50001 /* AwarenessWidgetBundle.swift in Sources */,
				A50002 /* AwarenessWidgetProvider.swift in Sources */,
			);
			runOnlyForDeploymentPostprocessing = 0;
		};
/* End PBXSourcesBuildPhase section */

/* Begin PBXTargetDependency section */
		G30002 /* PBXTargetDependency */ = {
			isa = PBXTargetDependency;
			target = E30099 /* AwarenessWatch */;
			targetProxy = G30001 /* PBXContainerItemProxy */;
		};
		G40002 /* PBXTargetDependency */ = {
			isa = PBXTargetDependency;
			target = E40099 /* AwarenessWatchComplication */;
			targetProxy = G40001 /* PBXContainerItemProxy */;
		};
		G50002 /* PBXTargetDependency */ = {
			isa = PBXTargetDependency;
			target = E50099 /* AwarenessWidget */;
			targetProxy = G50001 /* PBXContainerItemProxy */;
		};
/* End PBXTargetDependency section */

/* Begin XCBuildConfiguration section */
		F10011 /* Debug */ = {
			isa = XCBuildConfiguration;
			buildSettings = {
				ALWAYS_SEARCH_USER_PATHS = NO;
				ASSETCATALOG_COMPILER_GENERATE_SWIFT_ASSET_SYMBOL_EXTENSIONS = YES;
				CLANG_ANALYZER_NONNULL = YES;
				CLANG_CXX_LANGUAGE_STANDARD = "gnu++20";
				CLANG_ENABLE_MODULES = YES;
				CLANG_ENABLE_OBJC_ARC = YES;
				CLANG_WARN_BLOCK_CAPTURE_AUTORELEASING = YES;
				CLANG_WARN_BOOL_CONVERSION = YES;
				CLANG_WARN_COMMA = YES;
				CLANG_WARN_CONSTANT_CONVERSION = YES;
				CLANG_WARN_DEPRECATED_OBJC_IMPLEMENTATIONS = YES;
				CLANG_WARN_DIRECT_OBJC_ISA_USAGE = YES_ERROR;
				CLANG_WARN_DOCUMENTATION_COMMENTS = YES;
				CLANG_WARN_EMPTY_BODY = YES;
				CLANG_WARN_ENUM_CONVERSION = YES;
				CLANG_WARN_INFINITE_RECURSION = YES;
				CLANG_WARN_INT_CONVERSION = YES;
				CLANG_WARN_NON_LITERAL_NULL_CONVERSION = YES;
				CLANG_WARN_OBJC_IMPLICIT_RETAIN_SELF = YES;
				CLANG_WARN_OBJC_LITERAL_CONVERSION = YES;
				CLANG_WARN_OBJC_ROOT_CLASS = YES_ERROR;
				CLANG_WARN_QUOTED_INCLUDE_IN_FRAMEWORK_HEADER = YES;
				CLANG_WARN_RANGE_LOOP_ANALYSIS = YES;
				CLANG_WARN_STRICT_PROTOTYPES = YES;
				CLANG_WARN_SUSPICIOUS_MOVE = YES;
				CLANG_WARN_UNGUARDED_AVAILABILITY = YES_AGGRESSIVE;
				CLANG_WARN_UNREACHABLE_CODE = YES;
				CLANG_WARN__DUPLICATE_METHOD_MATCH = YES;
				COPY_PHASE_STRIP = NO;
				DEBUG_INFORMATION_FORMAT = dwarf;
				DEVELOPMENT_TEAM = FDSVBU33S8;
				ENABLE_STRICT_OBJC_MSGSEND = YES;
				ENABLE_TESTABILITY = YES;
				ENABLE_USER_SCRIPT_SANDBOXING = YES;
				GCC_C_LANGUAGE_STANDARD = gnu17;
				GCC_DYNAMIC_NO_PIC = NO;
				GCC_NO_COMMON_BLOCKS = YES;
				GCC_OPTIMIZATION_LEVEL = 0;
				GCC_PREPROCESSOR_DEFINITIONS = (
					"DEBUG=1",
					"$(inherited)",
				);
				GCC_WARN_64_TO_32_BIT_CONVERSION = YES;
				GCC_WARN_ABOUT_RETURN_TYPE = YES_ERROR;
				GCC_WARN_UNDECLARED_SELECTOR = YES;
				GCC_WARN_UNINITIALIZED_AUTOS = YES_AGGRESSIVE;
				GCC_WARN_UNUSED_FUNCTION = YES;
				GCC_WARN_UNUSED_VARIABLE = YES;
				IPHONEOS_DEPLOYMENT_TARGET = 16.0;
				MTL_ENABLE_DEBUG_INFO = INCLUDE_SOURCE;
				MTL_FAST_MATH = YES;
				ONLY_ACTIVE_ARCH = YES;
				SDKROOT = iphoneos;
				STRING_CATALOG_GENERATE_SYMBOLS = YES;
				SWIFT_ACTIVE_COMPILATION_CONDITIONS = "$(inherited) DEBUG";
				SWIFT_OPTIMIZATION_LEVEL = "-Onone";
			};
			name = Debug;
		};
		F10012 /* Release */ = {
			isa = XCBuildConfiguration;
			buildSettings = {
				ALWAYS_SEARCH_USER_PATHS = NO;
				ASSETCATALOG_COMPILER_GENERATE_SWIFT_ASSET_SYMBOL_EXTENSIONS = YES;
				CLANG_ANALYZER_NONNULL = YES;
				CLANG_CXX_LANGUAGE_STANDARD = "gnu++20";
				CLANG_ENABLE_MODULES = YES;
				CLANG_ENABLE_OBJC_ARC = YES;
				CLANG_WARN_BLOCK_CAPTURE_AUTORELEASING = YES;
				CLANG_WARN_BOOL_CONVERSION = YES;
				CLANG_WARN_COMMA = YES;
				CLANG_WARN_CONSTANT_CONVERSION = YES;
				CLANG_WARN_DEPRECATED_OBJC_IMPLEMENTATIONS = YES;
				CLANG_WARN_DIRECT_OBJC_ISA_USAGE = YES_ERROR;
				CLANG_WARN_DOCUMENTATION_COMMENTS = YES;
				CLANG_WARN_EMPTY_BODY = YES;
				CLANG_WARN_ENUM_CONVERSION = YES;
				CLANG_WARN_INFINITE_RECURSION = YES;
				CLANG_WARN_INT_CONVERSION = YES;
				CLANG_WARN_NON_LITERAL_NULL_CONVERSION = YES;
				CLANG_WARN_OBJC_IMPLICIT_RETAIN_SELF = YES;
				CLANG_WARN_OBJC_LITERAL_CONVERSION = YES;
				CLANG_WARN_OBJC_ROOT_CLASS = YES_ERROR;
				CLANG_WARN_QUOTED_INCLUDE_IN_FRAMEWORK_HEADER = YES;
				CLANG_WARN_RANGE_LOOP_ANALYSIS = YES;
				CLANG_WARN_STRICT_PROTOTYPES = YES;
				CLANG_WARN_SUSPICIOUS_MOVE = YES;
				CLANG_WARN_UNGUARDED_AVAILABILITY = YES_AGGRESSIVE;
				CLANG_WARN_UNREACHABLE_CODE = YES;
				CLANG_WARN__DUPLICATE_METHOD_MATCH = YES;
				COPY_PHASE_STRIP = NO;
				DEBUG_INFORMATION_FORMAT = "dwarf-with-dsym";
				DEVELOPMENT_TEAM = FDSVBU33S8;
				ENABLE_NS_ASSERTIONS = NO;
				ENABLE_STRICT_OBJC_MSGSEND = YES;
				ENABLE_USER_SCRIPT_SANDBOXING = YES;
				GCC_C_LANGUAGE_STANDARD = gnu17;
				GCC_NO_COMMON_BLOCKS = YES;
				GCC_WARN_64_TO_32_BIT_CONVERSION = YES;
				GCC_WARN_ABOUT_RETURN_TYPE = YES_ERROR;
				GCC_WARN_UNDECLARED_SELECTOR = YES;
				GCC_WARN_UNINITIALIZED_AUTOS = YES_AGGRESSIVE;
				GCC_WARN_UNUSED_FUNCTION = YES;
				GCC_WARN_UNUSED_VARIABLE = YES;
				IPHONEOS_DEPLOYMENT_TARGET = 16.0;
				MTL_FAST_MATH = YES;
				SDKROOT = iphoneos;
				STRING_CATALOG_GENERATE_SYMBOLS = YES;
				SWIFT_COMPILATION_MODE = wholemodule;
				VALIDATE_PRODUCT = YES;
			};
			name = Release;
		};
		F10021 /* Debug */ = {
			isa = XCBuildConfiguration;
			buildSettings = {
				ASSETCATALOG_COMPILER_APPICON_NAME = AppIcon;
				ASSETCATALOG_COMPILER_GLOBAL_ACCENT_COLOR_NAME = AccentColor;
				CODE_SIGN_ENTITLEMENTS = Awareness/Awareness.entitlements;
				CODE_SIGN_STYLE = Automatic;
				CURRENT_PROJECT_VERSION = 1;
				GENERATE_INFOPLIST_FILE = YES;
				INFOPLIST_FILE = Awareness/Info.plist;
				INFOPLIST_KEY_CFBundleDisplayName = Atempause;
				INFOPLIST_KEY_ITSAppUsesNonExemptEncryption = NO;
				INFOPLIST_KEY_LSApplicationCategoryType = "public.app-category.healthcare-fitness";
				INFOPLIST_KEY_NSHealthShareUsageDescription = "Atempause reads your mindful session data to verify logging.";
				INFOPLIST_KEY_NSHealthUpdateUsageDescription = "Atempause logs each mindful pause as Mindful Minutes in Apple Health.";
				INFOPLIST_KEY_NSPhotoLibraryUsageDescription = "Atempause uses your photo library to let you choose a custom blackout image.";
				INFOPLIST_KEY_UIApplicationSceneManifest_Generation = YES;
				INFOPLIST_KEY_UIApplicationSupportsIndirectInputEvents = YES;
				INFOPLIST_KEY_UILaunchScreen_Generation = YES;
				INFOPLIST_KEY_UISupportedInterfaceOrientations_iPad = "UIInterfaceOrientationPortrait UIInterfaceOrientationPortraitUpsideDown UIInterfaceOrientationLandscapeLeft UIInterfaceOrientationLandscapeRight";
				INFOPLIST_KEY_UISupportedInterfaceOrientations_iPhone = "UIInterfaceOrientationPortrait UIInterfaceOrientationLandscapeLeft UIInterfaceOrientationLandscapeRight";
				MARKETING_VERSION = 3.14;
				PRODUCT_BUNDLE_IDENTIFIER = com.joergsflow.awareness.ios;
				PRODUCT_NAME = "$(TARGET_NAME)";
				SUPPORTED_PLATFORMS = "iphoneos iphonesimulator";
				SUPPORTS_MACCATALYST = NO;
				SWIFT_EMIT_LOC_STRINGS = YES;
				SWIFT_VERSION = 5.0;
				TARGETED_DEVICE_FAMILY = "1,2";
			};
			name = Debug;
		};
		F10022 /* Release */ = {
			isa = XCBuildConfiguration;
			buildSettings = {
				ASSETCATALOG_COMPILER_APPICON_NAME = AppIcon;
				ASSETCATALOG_COMPILER_GLOBAL_ACCENT_COLOR_NAME = AccentColor;
				CODE_SIGN_ENTITLEMENTS = Awareness/Awareness.entitlements;
				CODE_SIGN_STYLE = Automatic;
				CURRENT_PROJECT_VERSION = 1;
				GENERATE_INFOPLIST_FILE = YES;
				INFOPLIST_FILE = Awareness/Info.plist;
				INFOPLIST_KEY_CFBundleDisplayName = Atempause;
				INFOPLIST_KEY_ITSAppUsesNonExemptEncryption = NO;
				INFOPLIST_KEY_LSApplicationCategoryType = "public.app-category.healthcare-fitness";
				INFOPLIST_KEY_NSHealthShareUsageDescription = "Atempause reads your mindful session data to verify logging.";
				INFOPLIST_KEY_NSHealthUpdateUsageDescription = "Atempause logs each mindful pause as Mindful Minutes in Apple Health.";
				INFOPLIST_KEY_NSPhotoLibraryUsageDescription = "Atempause uses your photo library to let you choose a custom blackout image.";
				INFOPLIST_KEY_UIApplicationSceneManifest_Generation = YES;
				INFOPLIST_KEY_UIApplicationSupportsIndirectInputEvents = YES;
				INFOPLIST_KEY_UILaunchScreen_Generation = YES;
				INFOPLIST_KEY_UISupportedInterfaceOrientations_iPad = "UIInterfaceOrientationPortrait UIInterfaceOrientationPortraitUpsideDown UIInterfaceOrientationLandscapeLeft UIInterfaceOrientationLandscapeRight";
				INFOPLIST_KEY_UISupportedInterfaceOrientations_iPhone = "UIInterfaceOrientationPortrait UIInterfaceOrientationLandscapeLeft UIInterfaceOrientationLandscapeRight";
				MARKETING_VERSION = 3.14;
				PRODUCT_BUNDLE_IDENTIFIER = com.joergsflow.awareness.ios;
				PRODUCT_NAME = "$(TARGET_NAME)";
				SUPPORTED_PLATFORMS = "iphoneos iphonesimulator";
				SUPPORTS_MACCATALYST = NO;
				SWIFT_EMIT_LOC_STRINGS = YES;
				SWIFT_VERSION = 5.0;
				TARGETED_DEVICE_FAMILY = "1,2";
			};
			name = Release;
		};
		F30021 /* Debug */ = {
			isa = XCBuildConfiguration;
			buildSettings = {
				ASSETCATALOG_COMPILER_APPICON_NAME = AppIcon;
				ASSETCATALOG_COMPILER_GLOBAL_ACCENT_COLOR_NAME = AccentColor;
				CODE_SIGN_ENTITLEMENTS = AwarenessWatch/AwarenessWatch.entitlements;
				CODE_SIGN_STYLE = Automatic;
				CURRENT_PROJECT_VERSION = 1;
				GENERATE_INFOPLIST_FILE = YES;
				INFOPLIST_FILE = AwarenessWatch/Info.plist;
				INFOPLIST_KEY_CFBundleDisplayName = Atempause;
				INFOPLIST_KEY_ITSAppUsesNonExemptEncryption = NO;
				INFOPLIST_KEY_NSHealthShareUsageDescription = "Atempause reads your mindful session data to verify logging.";
				INFOPLIST_KEY_NSHealthUpdateUsageDescription = "Atempause logs each mindful pause as Mindful Minutes in Apple Health.";
				INFOPLIST_KEY_UISupportedInterfaceOrientations = "UIInterfaceOrientationPortrait UIInterfaceOrientationPortraitUpsideDown";
				INFOPLIST_KEY_WKCompanionAppBundleIdentifier = com.joergsflow.awareness.ios;
				MARKETING_VERSION = 3.14;
				PRODUCT_BUNDLE_IDENTIFIER = com.joergsflow.awareness.ios.watch;
				PRODUCT_NAME = "$(TARGET_NAME)";
				SDKROOT = watchos;
				SKIP_INSTALL = YES;
				SUPPORTED_PLATFORMS = "watchos watchsimulator";
				SWIFT_EMIT_LOC_STRINGS = YES;
				SWIFT_VERSION = 5.0;
				TARGETED_DEVICE_FAMILY = 4;
				WATCHOS_DEPLOYMENT_TARGET = 10.0;
			};
			name = Debug;
		};
		F30022 /* Release */ = {
			isa = XCBuildConfiguration;
			buildSettings = {
				ASSETCATALOG_COMPILER_APPICON_NAME = AppIcon;
				ASSETCATALOG_COMPILER_GLOBAL_ACCENT_COLOR_NAME = AccentColor;
				CODE_SIGN_ENTITLEMENTS = AwarenessWatch/AwarenessWatch.entitlements;
				CODE_SIGN_STYLE = Automatic;
				CURRENT_PROJECT_VERSION = 1;
				GENERATE_INFOPLIST_FILE = YES;
				INFOPLIST_FILE = AwarenessWatch/Info.plist;
				INFOPLIST_KEY_CFBundleDisplayName = Atempause;
				INFOPLIST_KEY_ITSAppUsesNonExemptEncryption = NO;
				INFOPLIST_KEY_NSHealthShareUsageDescription = "Atempause reads your mindful session data to verify logging.";
				INFOPLIST_KEY_NSHealthUpdateUsageDescription = "Atempause logs each mindful pause as Mindful Minutes in Apple Health.";
				INFOPLIST_KEY_UISupportedInterfaceOrientations = "UIInterfaceOrientationPortrait UIInterfaceOrientationPortraitUpsideDown";
				INFOPLIST_KEY_WKCompanionAppBundleIdentifier = com.joergsflow.awareness.ios;
				MARKETING_VERSION = 3.14;
				PRODUCT_BUNDLE_IDENTIFIER = com.joergsflow.awareness.ios.watch;
				PRODUCT_NAME = "$(TARGET_NAME)";
				SDKROOT = watchos;
				SKIP_INSTALL = YES;
				SUPPORTED_PLATFORMS = "watchos watchsimulator";
				SWIFT_EMIT_LOC_STRINGS = YES;
				SWIFT_VERSION = 5.0;
				TARGETED_DEVICE_FAMILY = 4;
				WATCHOS_DEPLOYMENT_TARGET = 10.0;
			};
			name = Release;
		};
		F40021 /* Debug */ = {
			isa = XCBuildConfiguration;
			buildSettings = {
				ASSETCATALOG_COMPILER_GLOBAL_ACCENT_COLOR_NAME = AccentColor;
				CODE_SIGN_ENTITLEMENTS = AwarenessWatch/Complications/AwarenessWatchComplication.entitlements;
				CODE_SIGN_STYLE = Automatic;
				CURRENT_PROJECT_VERSION = 1;
				GENERATE_INFOPLIST_FILE = YES;
				INFOPLIST_FILE = AwarenessWatch/Complications/Info.plist;
				INFOPLIST_KEY_CFBundleDisplayName = "Atempause Complication";
				MARKETING_VERSION = 3.14;
				PRODUCT_BUNDLE_IDENTIFIER = com.joergsflow.awareness.ios.watch.widget;
				PRODUCT_NAME = "$(TARGET_NAME)";
				SDKROOT = watchos;
				SKIP_INSTALL = YES;
				SUPPORTED_PLATFORMS = "watchos watchsimulator";
				SWIFT_EMIT_LOC_STRINGS = YES;
				SWIFT_VERSION = 5.0;
				TARGETED_DEVICE_FAMILY = 4;
				WATCHOS_DEPLOYMENT_TARGET = 10.0;
			};
			name = Debug;
		};
		F40022 /* Release */ = {
			isa = XCBuildConfiguration;
			buildSettings = {
				ASSETCATALOG_COMPILER_GLOBAL_ACCENT_COLOR_NAME = AccentColor;
				CODE_SIGN_ENTITLEMENTS = AwarenessWatch/Complications/AwarenessWatchComplication.entitlements;
				CODE_SIGN_STYLE = Automatic;
				CURRENT_PROJECT_VERSION = 1;
				GENERATE_INFOPLIST_FILE = YES;
				INFOPLIST_FILE = AwarenessWatch/Complications/Info.plist;
				INFOPLIST_KEY_CFBundleDisplayName = "Atempause Complication";
				MARKETING_VERSION = 3.14;
				PRODUCT_BUNDLE_IDENTIFIER = com.joergsflow.awareness.ios.watch.widget;
				PRODUCT_NAME = "$(TARGET_NAME)";
				SDKROOT = watchos;
				SKIP_INSTALL = YES;
				SUPPORTED_PLATFORMS = "watchos watchsimulator";
				SWIFT_EMIT_LOC_STRINGS = YES;
				SWIFT_VERSION = 5.0;
				TARGETED_DEVICE_FAMILY = 4;
				WATCHOS_DEPLOYMENT_TARGET = 10.0;
			};
			name = Release;
		};
		F50021 /* Debug */ = {
			isa = XCBuildConfiguration;
			buildSettings = {
				ASSETCATALOG_COMPILER_GLOBAL_ACCENT_COLOR_NAME = AccentColor;
				CODE_SIGN_ENTITLEMENTS = AwarenessWidget/AwarenessWidget.entitlements;
				CODE_SIGN_STYLE = Automatic;
				CURRENT_PROJECT_VERSION = 1;
				GENERATE_INFOPLIST_FILE = YES;
				INFOPLIST_FILE = AwarenessWidget/Info.plist;
				INFOPLIST_KEY_CFBundleDisplayName = "Atempause Widget";
				MARKETING_VERSION = 3.14;
				PRODUCT_BUNDLE_IDENTIFIER = com.joergsflow.awareness.ios.widget;
				PRODUCT_NAME = "$(TARGET_NAME)";
				SKIP_INSTALL = YES;
				SUPPORTED_PLATFORMS = "iphoneos iphonesimulator";
				SWIFT_EMIT_LOC_STRINGS = YES;
				SWIFT_VERSION = 5.0;
				TARGETED_DEVICE_FAMILY = "1,2";
			};
			name = Debug;
		};
		F50022 /* Release */ = {
			isa = XCBuildConfiguration;
			buildSettings = {
				ASSETCATALOG_COMPILER_GLOBAL_ACCENT_COLOR_NAME = AccentColor;
				CODE_SIGN_ENTITLEMENTS = AwarenessWidget/AwarenessWidget.entitlements;
				CODE_SIGN_STYLE = Automatic;
				CURRENT_PROJECT_VERSION = 1;
				GENERATE_INFOPLIST_FILE = YES;
				INFOPLIST_FILE = AwarenessWidget/Info.plist;
				INFOPLIST_KEY_CFBundleDisplayName = "Atempause Widget";
				MARKETING_VERSION = 3.14;
				PRODUCT_BUNDLE_IDENTIFIER = com.joergsflow.awareness.ios.widget;
				PRODUCT_NAME = "$(TARGET_NAME)";
				SKIP_INSTALL = YES;
				SUPPORTED_PLATFORMS = "iphoneos iphonesimulator";
				SWIFT_EMIT_LOC_STRINGS = YES;
				SWIFT_VERSION = 5.0;
				TARGETED_DEVICE_FAMILY = "1,2";
			};
			name = Release;
		};
/* End XCBuildConfiguration section */

/* Begin XCConfigurationList section */
		F10001 /* Build configuration list for PBXProject "Awareness" */ = {
			isa = XCConfigurationList;
			buildConfigurations = (
				F10011 /* Debug */,
				F10012 /* Release */,
			);
			defaultConfigurationIsVisible = 0;
			defaultConfigurationName = Release;
		};
		F10003 /* Build configuration list for PBXNativeTarget "Awareness" */ = {
			isa = XCConfigurationList;
			buildConfigurations = (
				F10021 /* Debug */,
				F10022 /* Release */,
			);
			defaultConfigurationIsVisible = 0;
			defaultConfigurationName = Release;
		};
		F30003 /* Build configuration list for PBXNativeTarget "AwarenessWatch" */ = {
			isa = XCConfigurationList;
			buildConfigurations = (
				F30021 /* Debug */,
				F30022 /* Release */,
			);
			defaultConfigurationIsVisible = 0;
			defaultConfigurationName = Release;
		};
		F40003 /* Build configuration list for PBXNativeTarget "AwarenessWatchComplication" */ = {
			isa = XCConfigurationList;
			buildConfigurations = (
				F40021 /* Debug */,
				F40022 /* Release */,
			);
			defaultConfigurationIsVisible = 0;
			defaultConfigurationName = Release;
		};
		F50003 /* Build configuration list for PBXNativeTarget "AwarenessWidget" */ = {
			isa = XCConfigurationList;
			buildConfigurations = (
				F50021 /* Debug */,
				F50022 /* Release */,
			);
			defaultConfigurationIsVisible = 0;
			defaultConfigurationName = Release;
		};
/* End XCConfigurationList section */
	};
	rootObject = E10099 /* Project object */;
}
